// !$*UTF8*$!
{
	archiveVersion = 1;
	classes = {
	};
	objectVersion = 46;
	objects = {

/* Begin PBXBuildFile section */
		4C5DCBD21E5BEAD700E487CF /* main.m in Sources */ = {isa = PBXBuildFile; fileRef = 4C5DCBD11E5BEAD700E487CF /* main.m */; };
		4C5DCBD51E5BEAD700E487CF /* AppDelegate.m in Sources */ = {isa = PBXBuildFile; fileRef = 4C5DCBD41E5BEAD700E487CF /* AppDelegate.m */; };
		4C5DCBDB1E5BEAD700E487CF /* Main.storyboard in Resources */ = {isa = PBXBuildFile; fileRef = 4C5DCBD91E5BEAD700E487CF /* Main.storyboard */; };
		4C5DCBDD1E5BEAD700E487CF /* Assets.xcassets in Resources */ = {isa = PBXBuildFile; fileRef = 4C5DCBDC1E5BEAD700E487CF /* Assets.xcassets */; };
		4C5DCBE01E5BEAD700E487CF /* LaunchScreen.storyboard in Resources */ = {isa = PBXBuildFile; fileRef = 4C5DCBDE1E5BEAD700E487CF /* LaunchScreen.storyboard */; };
		4C5DCBE91E5BEB6000E487CF /* WZTableViewController.m in Sources */ = {isa = PBXBuildFile; fileRef = 4C5DCBE81E5BEB6000E487CF /* WZTableViewController.m */; };
		4C5DCBF81E5BED4900E487CF /* test.swift in Sources */ = {isa = PBXBuildFile; fileRef = 4C5DCBF71E5BED4900E487CF /* test.swift */; };
		4C5DCBF91E5BF13A00E487CF /* Charts.framework in Frameworks */ = {isa = PBXBuildFile; fileRef = 4C5DCBF11E5BED3100E487CF /* Charts.framework */; };
		4C5DCC021E5C104600E487CF /* WZLineChart1ViewController.m in Sources */ = {isa = PBXBuildFile; fileRef = 4C5DCC001E5C104600E487CF /* WZLineChart1ViewController.m */; };
		4C5DCC031E5C104600E487CF /* WZLineChart1ViewController.xib in Resources */ = {isa = PBXBuildFile; fileRef = 4C5DCC011E5C104600E487CF /* WZLineChart1ViewController.xib */; };
/* End PBXBuildFile section */

/* Begin PBXContainerItemProxy section */
		4C5DCBF01E5BED3100E487CF /* PBXContainerItemProxy */ = {
			isa = PBXContainerItemProxy;
			containerPortal = 4C5DCBEA1E5BED3100E487CF /* Charts.xcodeproj */;
			proxyType = 2;
			remoteGlobalIDString = 06165F241D8110E600722320;
			remoteInfo = Charts;
		};
		4C5DCBF21E5BED3100E487CF /* PBXContainerItemProxy */ = {
			isa = PBXContainerItemProxy;
			containerPortal = 4C5DCBEA1E5BED3100E487CF /* Charts.xcodeproj */;
			proxyType = 2;
			remoteGlobalIDString = 06B120D51D811E6200D14B02;
			remoteInfo = ChartsRealm;
		};
		4C5DCBF41E5BED3100E487CF /* PBXContainerItemProxy */ = {
			isa = PBXContainerItemProxy;
			containerPortal = 4C5DCBEA1E5BED3100E487CF /* Charts.xcodeproj */;
			proxyType = 2;
			remoteGlobalIDString = 06165F2E1D8110E600722320;
			remoteInfo = ChartsTests;
		};
/* End PBXContainerItemProxy section */

/* Begin PBXFileReference section */
		4C5DCBCD1E5BEAD700E487CF /* ImportCharts.app */ = {isa = PBXFileReference; explicitFileType = wrapper.application; includeInIndex = 0; path = ImportCharts.app; sourceTree = BUILT_PRODUCTS_DIR; };
		4C5DCBD11E5BEAD700E487CF /* main.m */ = {isa = PBXFileReference; lastKnownFileType = sourcecode.c.objc; path = main.m; sourceTree = "<group>"; };
		4C5DCBD31E5BEAD700E487CF /* AppDelegate.h */ = {isa = PBXFileReference; lastKnownFileType = sourcecode.c.h; path = AppDelegate.h; sourceTree = "<group>"; };
		4C5DCBD41E5BEAD700E487CF /* AppDelegate.m */ = {isa = PBXFileReference; lastKnownFileType = sourcecode.c.objc; path = AppDelegate.m; sourceTree = "<group>"; };
		4C5DCBDA1E5BEAD700E487CF /* Base */ = {isa = PBXFileReference; lastKnownFileType = file.storyboard; name = Base; path = Base.lproj/Main.storyboard; sourceTree = "<group>"; };
		4C5DCBDC1E5BEAD700E487CF /* Assets.xcassets */ = {isa = PBXFileReference; lastKnownFileType = folder.assetcatalog; path = Assets.xcassets; sourceTree = "<group>"; };
		4C5DCBDF1E5BEAD700E487CF /* Base */ = {isa = PBXFileReference; lastKnownFileType = file.storyboard; name = Base; path = Base.lproj/LaunchScreen.storyboard; sourceTree = "<group>"; };
		4C5DCBE11E5BEAD700E487CF /* Info.plist */ = {isa = PBXFileReference; lastKnownFileType = text.plist.xml; path = Info.plist; sourceTree = "<group>"; };
		4C5DCBE71E5BEB6000E487CF /* WZTableViewController.h */ = {isa = PBXFileReference; fileEncoding = 4; lastKnownFileType = sourcecode.c.h; path = WZTableViewController.h; sourceTree = "<group>"; };
		4C5DCBE81E5BEB6000E487CF /* WZTableViewController.m */ = {isa = PBXFileReference; fileEncoding = 4; lastKnownFileType = sourcecode.c.objc; path = WZTableViewController.m; sourceTree = "<group>"; };
		4C5DCBEA1E5BED3100E487CF /* Charts.xcodeproj */ = {isa = PBXFileReference; lastKnownFileType = "wrapper.pb-project"; path = Charts.xcodeproj; sourceTree = SOURCE_ROOT; };
		4C5DCBF61E5BED4800E487CF /* ImportCharts-Bridging-Header.h */ = {isa = PBXFileReference; lastKnownFileType = sourcecode.c.h; path = "ImportCharts-Bridging-Header.h"; sourceTree = "<group>"; };
		4C5DCBF71E5BED4900E487CF /* test.swift */ = {isa = PBXFileReference; fileEncoding = 4; lastKnownFileType = sourcecode.swift; path = test.swift; sourceTree = "<group>"; };
		4C5DCBFF1E5C104600E487CF /* WZLineChart1ViewController.h */ = {isa = PBXFileReference; fileEncoding = 4; lastKnownFileType = sourcecode.c.h; path = WZLineChart1ViewController.h; sourceTree = "<group>"; };
		4C5DCC001E5C104600E487CF /* WZLineChart1ViewController.m */ = {isa = PBXFileReference; fileEncoding = 4; lastKnownFileType = sourcecode.c.objc; path = WZLineChart1ViewController.m; sourceTree = "<group>"; };
		4C5DCC011E5C104600E487CF /* WZLineChart1ViewController.xib */ = {isa = PBXFileReference; fileEncoding = 4; lastKnownFileType = file.xib; path = WZLineChart1ViewController.xib; sourceTree = "<group>"; };
/* End PBXFileReference section */

/* Begin PBXFrameworksBuildPhase section */
		4C5DCBCA1E5BEAD700E487CF /* Frameworks */ = {
			isa = PBXFrameworksBuildPhase;
			buildActionMask = 2147483647;
			files = (
				4C5DCBF91E5BF13A00E487CF /* Charts.framework in Frameworks */,
			);
			runOnlyForDeploymentPostprocessing = 0;
		};
/* End PBXFrameworksBuildPhase section */

/* Begin PBXGroup section */
		4C5DCBC41E5BEAD700E487CF = {
			isa = PBXGroup;
			children = (
				4C5DCBCF1E5BEAD700E487CF /* ImportCharts */,
				4C5DCBCE1E5BEAD700E487CF /* Products */,
			);
			sourceTree = "<group>";
		};
		4C5DCBCE1E5BEAD700E487CF /* Products */ = {
			isa = PBXGroup;
			children = (
				4C5DCBCD1E5BEAD700E487CF /* ImportCharts.app */,
			);
			name = Products;
			sourceTree = "<group>";
		};
		4C5DCBCF1E5BEAD700E487CF /* ImportCharts */ = {
			isa = PBXGroup;
			children = (
				4C5DCBD31E5BEAD700E487CF /* AppDelegate.h */,
				4C5DCBD41E5BEAD700E487CF /* AppDelegate.m */,
				4C5DCBE71E5BEB6000E487CF /* WZTableViewController.h */,
				4C5DCBE81E5BEB6000E487CF /* WZTableViewController.m */,
				4C5DCBFF1E5C104600E487CF /* WZLineChart1ViewController.h */,
				4C5DCC001E5C104600E487CF /* WZLineChart1ViewController.m */,
				4C5DCC011E5C104600E487CF /* WZLineChart1ViewController.xib */,
				4C5DCBF71E5BED4900E487CF /* test.swift */,
				4C5DCBD91E5BEAD700E487CF /* Main.storyboard */,
				4C5DCBEA1E5BED3100E487CF /* Charts.xcodeproj */,
				4C5DCBDC1E5BEAD700E487CF /* Assets.xcassets */,
				4C5DCBDE1E5BEAD700E487CF /* LaunchScreen.storyboard */,
				4C5DCBE11E5BEAD700E487CF /* Info.plist */,
				4C5DCBD01E5BEAD700E487CF /* Supporting Files */,
				4C5DCBF61E5BED4800E487CF /* ImportCharts-Bridging-Header.h */,
			);
			path = ImportCharts;
			sourceTree = "<group>";
		};
		4C5DCBD01E5BEAD700E487CF /* Supporting Files */ = {
			isa = PBXGroup;
			children = (
				4C5DCBD11E5BEAD700E487CF /* main.m */,
			);
			name = "Supporting Files";
			sourceTree = "<group>";
		};
		4C5DCBEB1E5BED3100E487CF /* Products */ = {
			isa = PBXGroup;
			children = (
				4C5DCBF11E5BED3100E487CF /* Charts.framework */,
				4C5DCBF31E5BED3100E487CF /* ChartsRealm.framework */,
				4C5DCBF51E5BED3100E487CF /* ChartsTests.xctest */,
			);
			name = Products;
			sourceTree = "<group>";
		};
/* End PBXGroup section */

/* Begin PBXNativeTarget section */
		4C5DCBCC1E5BEAD700E487CF /* ImportCharts */ = {
			isa = PBXNativeTarget;
			buildConfigurationList = 4C5DCBE41E5BEAD700E487CF /* Build configuration list for PBXNativeTarget "ImportCharts" */;
			buildPhases = (
				4C5DCBC91E5BEAD700E487CF /* Sources */,
				4C5DCBCA1E5BEAD700E487CF /* Frameworks */,
				4C5DCBCB1E5BEAD700E487CF /* Resources */,
			);
			buildRules = (
			);
			dependencies = (
			);
			name = ImportCharts;
			productName = ImportCharts;
			productReference = 4C5DCBCD1E5BEAD700E487CF /* ImportCharts.app */;
			productType = "com.apple.product-type.application";
		};
/* End PBXNativeTarget section */

/* Begin PBXProject section */
		4C5DCBC51E5BEAD700E487CF /* Project object */ = {
			isa = PBXProject;
			attributes = {
				CLASSPREFIX = WZ;
				LastUpgradeCheck = 0820;
				ORGANIZATIONNAME = songbiwen;
				TargetAttributes = {
					4C5DCBCC1E5BEAD700E487CF = {
						CreatedOnToolsVersion = 8.2.1;
						DevelopmentTeam = 8XMYBN9U4K;
						LastSwiftMigration = 0820;
						ProvisioningStyle = Automatic;
					};
				};
			};
			buildConfigurationList = 4C5DCBC81E5BEAD700E487CF /* Build configuration list for PBXProject "ImportCharts" */;
			compatibilityVersion = "Xcode 3.2";
			developmentRegion = English;
			hasScannedForEncodings = 0;
			knownRegions = (
				en,
				Base,
			);
			mainGroup = 4C5DCBC41E5BEAD700E487CF;
			productRefGroup = 4C5DCBCE1E5BEAD700E487CF /* Products */;
			projectDirPath = "";
			projectReferences = (
				{
					ProductGroup = 4C5DCBEB1E5BED3100E487CF /* Products */;
					ProjectRef = 4C5DCBEA1E5BED3100E487CF /* Charts.xcodeproj */;
				},
			);
			projectRoot = "";
			targets = (
				4C5DCBCC1E5BEAD700E487CF /* ImportCharts */,
			);
		};
/* End PBXProject section */

/* Begin PBXReferenceProxy section */
		4C5DCBF11E5BED3100E487CF /* Charts.framework */ = {
			isa = PBXReferenceProxy;
			fileType = wrapper.framework;
			path = Charts.framework;
			remoteRef = 4C5DCBF01E5BED3100E487CF /* PBXContainerItemProxy */;
			sourceTree = BUILT_PRODUCTS_DIR;
		};
		4C5DCBF31E5BED3100E487CF /* ChartsRealm.framework */ = {
			isa = PBXReferenceProxy;
			fileType = wrapper.framework;
			path = ChartsRealm.framework;
			remoteRef = 4C5DCBF21E5BED3100E487CF /* PBXContainerItemProxy */;
			sourceTree = BUILT_PRODUCTS_DIR;
		};
		4C5DCBF51E5BED3100E487CF /* ChartsTests.xctest */ = {
			isa = PBXReferenceProxy;
			fileType = wrapper.cfbundle;
			path = ChartsTests.xctest;
			remoteRef = 4C5DCBF41E5BED3100E487CF /* PBXContainerItemProxy */;
			sourceTree = BUILT_PRODUCTS_DIR;
		};
/* End PBXReferenceProxy section */

/* Begin PBXResourcesBuildPhase section */
		4C5DCBCB1E5BEAD700E487CF /* Resources */ = {
			isa = PBXResourcesBuildPhase;
			buildActionMask = 2147483647;
			files = (
				4C5DCBE01E5BEAD700E487CF /* LaunchScreen.storyboard in Resources */,
				4C5DCBDD1E5BEAD700E487CF /* Assets.xcassets in Resources */,
				4C5DCC031E5C104600E487CF /* WZLineChart1ViewController.xib in Resources */,
				4C5DCBDB1E5BEAD700E487CF /* Main.storyboard in Resources */,
			);
			runOnlyForDeploymentPostprocessing = 0;
		};
/* End PBXResourcesBuildPhase section */

/* Begin PBXSourcesBuildPhase section */
		4C5DCBC91E5BEAD700E487CF /* Sources */ = {
			isa = PBXSourcesBuildPhase;
			buildActionMask = 2147483647;
			files = (
				4C5DCBE91E5BEB6000E487CF /* WZTableViewController.m in Sources */,
				4C5DCBF81E5BED4900E487CF /* test.swift in Sources */,
				4C5DCBD51E5BEAD700E487CF /* AppDelegate.m in Sources */,
				4C5DCBD21E5BEAD700E487CF /* main.m in Sources */,
				4C5DCC021E5C104600E487CF /* WZLineChart1ViewController.m in Sources */,
			);
			runOnlyForDeploymentPostprocessing = 0;
		};
/* End PBXSourcesBuildPhase section */

/* Begin PBXVariantGroup section */
		4C5DCBD91E5BEAD700E487CF /* Main.storyboard */ = {
			isa = PBXVariantGroup;
			children = (
				4C5DCBDA1E5BEAD700E487CF /* Base */,
			);
			name = Main.storyboard;
			sourceTree = "<group>";
		};
		4C5DCBDE1E5BEAD700E487CF /* LaunchScreen.storyboard */ = {
			isa = PBXVariantGroup;
			children = (
				4C5DCBDF1E5BEAD700E487CF /* Base */,
			);
			name = LaunchScreen.storyboard;
			sourceTree = "<group>";
		};
/* End PBXVariantGroup section */

/* Begin XCBuildConfiguration section */
		4C5DCBE21E5BEAD700E487CF /* Debug */ = {
			isa = XCBuildConfiguration;
			buildSettings = {
				ALWAYS_SEARCH_USER_PATHS = NO;
				CLANG_ANALYZER_NONNULL = YES;
				CLANG_CXX_LANGUAGE_STANDARD = "gnu++0x";
				CLANG_CXX_LIBRARY = "libc++";
				CLANG_ENABLE_MODULES = YES;
				CLANG_ENABLE_OBJC_ARC = YES;
				CLANG_WARN_BOOL_CONVERSION = YES;
				CLANG_WARN_CONSTANT_CONVERSION = YES;
				CLANG_WARN_DIRECT_OBJC_ISA_USAGE = YES_ERROR;
				CLANG_WARN_DOCUMENTATION_COMMENTS = YES;
				CLANG_WARN_EMPTY_BODY = YES;
				CLANG_WARN_ENUM_CONVERSION = YES;
				CLANG_WARN_INFINITE_RECURSION = YES;
				CLANG_WARN_INT_CONVERSION = YES;
				CLANG_WARN_OBJC_ROOT_CLASS = YES_ERROR;
				CLANG_WARN_SUSPICIOUS_MOVE = YES;
				CLANG_WARN_UNREACHABLE_CODE = YES;
				CLANG_WARN__DUPLICATE_METHOD_MATCH = YES;
				"CODE_SIGN_IDENTITY[sdk=iphoneos*]" = "iPhone Developer";
				COPY_PHASE_STRIP = NO;
				DEBUG_INFORMATION_FORMAT = dwarf;
				ENABLE_STRICT_OBJC_MSGSEND = YES;
				ENABLE_TESTABILITY = YES;
				GCC_C_LANGUAGE_STANDARD = gnu99;
				GCC_DYNAMIC_NO_PIC = NO;
				GCC_NO_COMMON_BLOCKS = YES;
				GCC_OPTIMIZATION_LEVEL = 0;
				GCC_PREPROCESSOR_DEFINITIONS = (
					"DEBUG=1",
					"$(inherited)",
				);
				GCC_WARN_64_TO_32_BIT_CONVERSION = YES;
				GCC_WARN_ABOUT_RETURN_TYPE = YES_ERROR;
				GCC_WARN_UNDECLARED_SELECTOR = YES;
				GCC_WARN_UNINITIALIZED_AUTOS = YES_AGGRESSIVE;
				GCC_WARN_UNUSED_FUNCTION = YES;
				GCC_WARN_UNUSED_VARIABLE = YES;
				IPHONEOS_DEPLOYMENT_TARGET = 10.2;
				MTL_ENABLE_DEBUG_INFO = YES;
				ONLY_ACTIVE_ARCH = YES;
				SDKROOT = iphoneos;
			};
			name = Debug;
		};
		4C5DCBE31E5BEAD700E487CF /* Release */ = {
			isa = XCBuildConfiguration;
			buildSettings = {
				ALWAYS_SEARCH_USER_PATHS = NO;
				CLANG_ANALYZER_NONNULL = YES;
				CLANG_CXX_LANGUAGE_STANDARD = "gnu++0x";
				CLANG_CXX_LIBRARY = "libc++";
				CLANG_ENABLE_MODULES = YES;
				CLANG_ENABLE_OBJC_ARC = YES;
				CLANG_WARN_BOOL_CONVERSION = YES;
				CLANG_WARN_CONSTANT_CONVERSION = YES;
				CLANG_WARN_DIRECT_OBJC_ISA_USAGE = YES_ERROR;
				CLANG_WARN_DOCUMENTATION_COMMENTS = YES;
				CLANG_WARN_EMPTY_BODY = YES;
				CLANG_WARN_ENUM_CONVERSION = YES;
				CLANG_WARN_INFINITE_RECURSION = YES;
				CLANG_WARN_INT_CONVERSION = YES;
				CLANG_WARN_OBJC_ROOT_CLASS = YES_ERROR;
				CLANG_WARN_SUSPICIOUS_MOVE = YES;
				CLANG_WARN_UNREACHABLE_CODE = YES;
				CLANG_WARN__DUPLICATE_METHOD_MATCH = YES;
				"CODE_SIGN_IDENTITY[sdk=iphoneos*]" = "iPhone Developer";
				COPY_PHASE_STRIP = NO;
				DEBUG_INFORMATION_FORMAT = "dwarf-with-dsym";
				ENABLE_NS_ASSERTIONS = NO;
				ENABLE_STRICT_OBJC_MSGSEND = YES;
				GCC_C_LANGUAGE_STANDARD = gnu99;
				GCC_NO_COMMON_BLOCKS = YES;
				GCC_WARN_64_TO_32_BIT_CONVERSION = YES;
				GCC_WARN_ABOUT_RETURN_TYPE = YES_ERROR;
				GCC_WARN_UNDECLARED_SELECTOR = YES;
				GCC_WARN_UNINITIALIZED_AUTOS = YES_AGGRESSIVE;
				GCC_WARN_UNUSED_FUNCTION = YES;
				GCC_WARN_UNUSED_VARIABLE = YES;
				IPHONEOS_DEPLOYMENT_TARGET = 10.2;
				MTL_ENABLE_DEBUG_INFO = NO;
				SDKROOT = iphoneos;
				VALIDATE_PRODUCT = YES;
			};
			name = Release;
		};
		4C5DCBE51E5BEAD700E487CF /* Debug */ = {
			isa = XCBuildConfiguration;
			buildSettings = {
				ALWAYS_EMBED_SWIFT_STANDARD_LIBRARIES = YES;
				ASSETCATALOG_COMPILER_APPICON_NAME = AppIcon;
				CLANG_ENABLE_MODULES = YES;
				DEVELOPMENT_TEAM = 8XMYBN9U4K;
				INFOPLIST_FILE = ImportCharts/Info.plist;
				IPHONEOS_DEPLOYMENT_TARGET = 8.0;
				LD_RUNPATH_SEARCH_PATHS = "$(inherited) @executable_path/Frameworks";
				PRODUCT_BUNDLE_IDENTIFIER = com.renhedao.ImportCharts;
				PRODUCT_NAME = "$(TARGET_NAME)";
				SWIFT_OBJC_BRIDGING_HEADER = "ImportCharts/ImportCharts-Bridging-Header.h";
				SWIFT_OPTIMIZATION_LEVEL = "-Onone";
				SWIFT_VERSION = 3.0;
			};
			name = Debug;
		};
		4C5DCBE61E5BEAD700E487CF /* Release */ = {
			isa = XCBuildConfiguration;
			buildSettings = {
				ALWAYS_EMBED_SWIFT_STANDARD_LIBRARIES = YES;
				ASSETCATALOG_COMPILER_APPICON_NAME = AppIcon;
				CLANG_ENABLE_MODULES = YES;
				DEVELOPMENT_TEAM = 8XMYBN9U4K;
				INFOPLIST_FILE = ImportCharts/Info.plist;
				IPHONEOS_DEPLOYMENT_TARGET = 8.0;
				LD_RUNPATH_SEARCH_PATHS = "$(inherited) @executable_path/Frameworks";
				PRODUCT_BUNDLE_IDENTIFIER = com.renhedao.ImportCharts;
				PRODUCT_NAME = "$(TARGET_NAME)";
				SWIFT_OBJC_BRIDGING_HEADER = "ImportCharts/ImportCharts-Bridging-Header.h";
				SWIFT_VERSION = 3.0;
			};
			name = Release;
		};
/* End XCBuildConfiguration section */

/* Begin XCConfigurationList section */
		4C5DCBC81E5BEAD700E487CF /* Build configuration list for PBXProject "ImportCharts" */ = {
			isa = XCConfigurationList;
			buildConfigurations = (
				4C5DCBE21E5BEAD700E487CF /* Debug */,
				4C5DCBE31E5BEAD700E487CF /* Release */,
			);
			defaultConfigurationIsVisible = 0;
			defaultConfigurationName = Release;
		};
		4C5DCBE41E5BEAD700E487CF /* Build configuration list for PBXNativeTarget "ImportCharts" */ = {
			isa = XCConfigurationList;
			buildConfigurations = (
				4C5DCBE51E5BEAD700E487CF /* Debug */,
				4C5DCBE61E5BEAD700E487CF /* Release */,
			);
			defaultConfigurationIsVisible = 0;
		};
/* End XCConfigurationList section */
	};
	rootObject = 4C5DCBC51E5BEAD700E487CF /* Project object */;
}
