// !$*UTF8*$!
{
	archiveVersion = 1;
	classes = {
	};
	objectVersion = 46;
	objects = {

/* Begin PBXBuildFile section */
		4C15DF871E5E6F9100CD3AC7 /* WZBarChartViewController.m in Sources */ = {isa = PBXBuildFile; fileRef = 4C15DF851E5E6F9100CD3AC7 /* WZBarChartViewController.m */; };
		4C15DF881E5E6F9100CD3AC7 /* WZBarChartViewController.xib in Resources */ = {isa = PBXBuildFile; fileRef = 4C15DF861E5E6F9100CD3AC7 /* WZBarChartViewController.xib */; };
		4C15DF8D1E5E755200CD3AC7 /* WZDayAxisValueFormatter.m in Sources */ = {isa = PBXBuildFile; fileRef = 4C15DF8C1E5E755200CD3AC7 /* WZDayAxisValueFormatter.m */; };
		4C15DF911E5E8BC700CD3AC7 /* WZHorizontalBarChartViewController.m in Sources */ = {isa = PBXBuildFile; fileRef = 4C15DF8F1E5E8BC700CD3AC7 /* WZHorizontalBarChartViewController.m */; };
		4C15DF921E5E8BC700CD3AC7 /* WZHorizontalBarChartViewController.xib in Resources */ = {isa = PBXBuildFile; fileRef = 4C15DF901E5E8BC700CD3AC7 /* WZHorizontalBarChartViewController.xib */; };
		4C15DF961E5EB03C00CD3AC7 /* WZCombinedChartViewController.m in Sources */ = {isa = PBXBuildFile; fileRef = 4C15DF941E5EB03C00CD3AC7 /* WZCombinedChartViewController.m */; };
		4C15DF971E5EB03C00CD3AC7 /* WZCombinedChartViewController.xib in Resources */ = {isa = PBXBuildFile; fileRef = 4C15DF951E5EB03C00CD3AC7 /* WZCombinedChartViewController.xib */; };
		4C15DF9B1E5EBD0400CD3AC7 /* WZPieChartViewController.m in Sources */ = {isa = PBXBuildFile; fileRef = 4C15DF991E5EBD0400CD3AC7 /* WZPieChartViewController.m */; };
		4C15DF9C1E5EBD0400CD3AC7 /* WZPieChartViewController.xib in Resources */ = {isa = PBXBuildFile; fileRef = 4C15DF9A1E5EBD0400CD3AC7 /* WZPieChartViewController.xib */; };
		4C15DFA01E5EC66500CD3AC7 /* WZPiePolylineChartViewController.m in Sources */ = {isa = PBXBuildFile; fileRef = 4C15DF9E1E5EC66500CD3AC7 /* WZPiePolylineChartViewController.m */; };
		4C15DFA11E5EC66600CD3AC7 /* WZPiePolylineChartViewController.xib in Resources */ = {isa = PBXBuildFile; fileRef = 4C15DF9F1E5EC66500CD3AC7 /* WZPiePolylineChartViewController.xib */; };
		4C15DFA51E5ED07300CD3AC7 /* WZScatterChartViewController.m in Sources */ = {isa = PBXBuildFile; fileRef = 4C15DFA31E5ED07300CD3AC7 /* WZScatterChartViewController.m */; };
		4C15DFA61E5ED07300CD3AC7 /* WZScatterChartViewController.xib in Resources */ = {isa = PBXBuildFile; fileRef = 4C15DFA41E5ED07300CD3AC7 /* WZScatterChartViewController.xib */; };
		4C8747611E63F81F0043A747 /* WZBubbleChartViewController.m in Sources */ = {isa = PBXBuildFile; fileRef = 4C87475F1E63F81F0043A747 /* WZBubbleChartViewController.m */; };
		4C8747621E63F81F0043A747 /* WZBubbleChartViewController.xib in Resources */ = {isa = PBXBuildFile; fileRef = 4C8747601E63F81F0043A747 /* WZBubbleChartViewController.xib */; };
		4C8747681E63FE260043A747 /* WZStackedBarChartViewController.m in Sources */ = {isa = PBXBuildFile; fileRef = 4C8747661E63FE260043A747 /* WZStackedBarChartViewController.m */; };
		4C8747691E63FE260043A747 /* WZStackedBarChartViewController.xib in Resources */ = {isa = PBXBuildFile; fileRef = 4C8747671E63FE260043A747 /* WZStackedBarChartViewController.xib */; };
		4C87476D1E6406950043A747 /* WZNegativeStackedBarChartViewController.m in Sources */ = {isa = PBXBuildFile; fileRef = 4C87476B1E6406950043A747 /* WZNegativeStackedBarChartViewController.m */; };
		4C87476E1E6406950043A747 /* WZNegativeStackedBarChartViewController.xib in Resources */ = {isa = PBXBuildFile; fileRef = 4C87476C1E6406950043A747 /* WZNegativeStackedBarChartViewController.xib */; };
		4C8747721E640DA30043A747 /* WZAnotherBarChartViewController.m in Sources */ = {isa = PBXBuildFile; fileRef = 4C8747701E640DA30043A747 /* WZAnotherBarChartViewController.m */; };
		4C8747731E640DA30043A747 /* WZAnotherBarChartViewController.xib in Resources */ = {isa = PBXBuildFile; fileRef = 4C8747711E640DA30043A747 /* WZAnotherBarChartViewController.xib */; };
		4C8747771E6419870043A747 /* WZMultipleLinesChartViewController.m in Sources */ = {isa = PBXBuildFile; fileRef = 4C8747751E6419870043A747 /* WZMultipleLinesChartViewController.m */; };
		4C8747781E6419870043A747 /* WZMultipleLinesChartViewController.xib in Resources */ = {isa = PBXBuildFile; fileRef = 4C8747761E6419870043A747 /* WZMultipleLinesChartViewController.xib */; };
		4C8A3ADF1E5D3A370098B24E /* main.m in Sources */ = {isa = PBXBuildFile; fileRef = 4C8A3ADE1E5D3A370098B24E /* main.m */; };
		4C8A3AE21E5D3A370098B24E /* AppDelegate.m in Sources */ = {isa = PBXBuildFile; fileRef = 4C8A3AE11E5D3A370098B24E /* AppDelegate.m */; };
		4C8A3AE81E5D3A370098B24E /* Main.storyboard in Resources */ = {isa = PBXBuildFile; fileRef = 4C8A3AE61E5D3A370098B24E /* Main.storyboard */; };
		4C8A3AEA1E5D3A370098B24E /* Assets.xcassets in Resources */ = {isa = PBXBuildFile; fileRef = 4C8A3AE91E5D3A370098B24E /* Assets.xcassets */; };
		4C8A3AED1E5D3A370098B24E /* LaunchScreen.storyboard in Resources */ = {isa = PBXBuildFile; fileRef = 4C8A3AEB1E5D3A370098B24E /* LaunchScreen.storyboard */; };
		4CC0F5041E6548CE00018F0C /* WZMultipleBarChartViewController.m in Sources */ = {isa = PBXBuildFile; fileRef = 4CC0F5021E6548CE00018F0C /* WZMultipleBarChartViewController.m */; };
		4CC0F5051E6548CE00018F0C /* WZMultipleBarChartViewController.xib in Resources */ = {isa = PBXBuildFile; fileRef = 4CC0F5031E6548CE00018F0C /* WZMultipleBarChartViewController.xib */; };
		4CC0F50B1E65554000018F0C /* WZCandleStickChartViewController.m in Sources */ = {isa = PBXBuildFile; fileRef = 4CC0F5091E65554000018F0C /* WZCandleStickChartViewController.m */; };
		4CC0F50C1E65554000018F0C /* WZCandleStickChartViewController.xib in Resources */ = {isa = PBXBuildFile; fileRef = 4CC0F50A1E65554000018F0C /* WZCandleStickChartViewController.xib */; };
		4CC0F5101E65608500018F0C /* WZCubicLineChartViewController.m in Sources */ = {isa = PBXBuildFile; fileRef = 4CC0F50E1E65608500018F0C /* WZCubicLineChartViewController.m */; };
		4CC0F5111E65608500018F0C /* WZCubicLineChartViewController.xib in Resources */ = {isa = PBXBuildFile; fileRef = 4CC0F50F1E65608500018F0C /* WZCubicLineChartViewController.xib */; };
		4CD814CE1E5D5CE400A141CE /* Charts.framework in Frameworks */ = {isa = PBXBuildFile; fileRef = 4C8A3AFC1E5D41130098B24E /* Charts.framework */; };
		4CD814CF1E5D5CE400A141CE /* Charts.framework in Embed Frameworks */ = {isa = PBXBuildFile; fileRef = 4C8A3AFC1E5D41130098B24E /* Charts.framework */; settings = {ATTRIBUTES = (CodeSignOnCopy, RemoveHeadersOnCopy, ); }; };
		4CD814D51E5D5D1200A141CE /* test.swift in Sources */ = {isa = PBXBuildFile; fileRef = 4CD814D41E5D5D1200A141CE /* test.swift */; };
		4CD814D91E5D5E1500A141CE /* WZTableViewController.m in Sources */ = {isa = PBXBuildFile; fileRef = 4CD814D81E5D5E1500A141CE /* WZTableViewController.m */; };
		4CD814DD1E5D5F3D00A141CE /* WZLineChart1ViewController.m in Sources */ = {isa = PBXBuildFile; fileRef = 4CD814DB1E5D5F3D00A141CE /* WZLineChart1ViewController.m */; };
		4CD814DE1E5D5F3D00A141CE /* WZLineChart1ViewController.xib in Resources */ = {isa = PBXBuildFile; fileRef = 4CD814DC1E5D5F3D00A141CE /* WZLineChart1ViewController.xib */; };
		4CD814E51E5D7A6700A141CE /* WZLineChart2ViewController.m in Sources */ = {isa = PBXBuildFile; fileRef = 4CD814E31E5D7A6700A141CE /* WZLineChart2ViewController.m */; };
		4CD814E61E5D7A6700A141CE /* WZLineChart2ViewController.xib in Resources */ = {isa = PBXBuildFile; fileRef = 4CD814E41E5D7A6700A141CE /* WZLineChart2ViewController.xib */; };
/* End PBXBuildFile section */

/* Begin PBXContainerItemProxy section */
		4C8A3AFB1E5D41130098B24E /* PBXContainerItemProxy */ = {
			isa = PBXContainerItemProxy;
			containerPortal = 4C8A3AF51E5D41120098B24E /* Charts.xcodeproj */;
			proxyType = 2;
			remoteGlobalIDString = 06165F241D8110E600722320;
			remoteInfo = Charts;
		};
		4C8A3AFD1E5D41130098B24E /* PBXContainerItemProxy */ = {
			isa = PBXContainerItemProxy;
			containerPortal = 4C8A3AF51E5D41120098B24E /* Charts.xcodeproj */;
			proxyType = 2;
			remoteGlobalIDString = 06B120D51D811E6200D14B02;
			remoteInfo = ChartsRealm;
		};
		4C8A3AFF1E5D41130098B24E /* PBXContainerItemProxy */ = {
			isa = PBXContainerItemProxy;
			containerPortal = 4C8A3AF51E5D41120098B24E /* Charts.xcodeproj */;
			proxyType = 2;
			remoteGlobalIDString = 06165F2E1D8110E600722320;
			remoteInfo = ChartsTests;
		};
		4CD814D01E5D5CE400A141CE /* PBXContainerItemProxy */ = {
			isa = PBXContainerItemProxy;
			containerPortal = 4C8A3AF51E5D41120098B24E /* Charts.xcodeproj */;
			proxyType = 1;
			remoteGlobalIDString = 06165F231D8110E600722320;
			remoteInfo = Charts;
		};
/* End PBXContainerItemProxy section */

/* Begin PBXCopyFilesBuildPhase section */
		4CD814D21E5D5CE400A141CE /* Embed Frameworks */ = {
			isa = PBXCopyFilesBuildPhase;
			buildActionMask = 2147483647;
			dstPath = "";
			dstSubfolderSpec = 10;
			files = (
				4CD814CF1E5D5CE400A141CE /* Charts.framework in Embed Frameworks */,
			);
			name = "Embed Frameworks";
			runOnlyForDeploymentPostprocessing = 0;
		};
/* End PBXCopyFilesBuildPhase section */

/* Begin PBXFileReference section */
		4C15DF841E5E6F9100CD3AC7 /* WZBarChartViewController.h */ = {isa = PBXFileReference; fileEncoding = 4; lastKnownFileType = sourcecode.c.h; path = WZBarChartViewController.h; sourceTree = "<group>"; };
		4C15DF851E5E6F9100CD3AC7 /* WZBarChartViewController.m */ = {isa = PBXFileReference; fileEncoding = 4; lastKnownFileType = sourcecode.c.objc; path = WZBarChartViewController.m; sourceTree = "<group>"; };
		4C15DF861E5E6F9100CD3AC7 /* WZBarChartViewController.xib */ = {isa = PBXFileReference; fileEncoding = 4; lastKnownFileType = file.xib; path = WZBarChartViewController.xib; sourceTree = "<group>"; };
		4C15DF8B1E5E755200CD3AC7 /* WZDayAxisValueFormatter.h */ = {isa = PBXFileReference; fileEncoding = 4; lastKnownFileType = sourcecode.c.h; path = WZDayAxisValueFormatter.h; sourceTree = "<group>"; };
		4C15DF8C1E5E755200CD3AC7 /* WZDayAxisValueFormatter.m */ = {isa = PBXFileReference; fileEncoding = 4; lastKnownFileType = sourcecode.c.objc; path = WZDayAxisValueFormatter.m; sourceTree = "<group>"; };
		4C15DF8E1E5E8BC700CD3AC7 /* WZHorizontalBarChartViewController.h */ = {isa = PBXFileReference; fileEncoding = 4; lastKnownFileType = sourcecode.c.h; path = WZHorizontalBarChartViewController.h; sourceTree = "<group>"; };
		4C15DF8F1E5E8BC700CD3AC7 /* WZHorizontalBarChartViewController.m */ = {isa = PBXFileReference; fileEncoding = 4; lastKnownFileType = sourcecode.c.objc; path = WZHorizontalBarChartViewController.m; sourceTree = "<group>"; };
		4C15DF901E5E8BC700CD3AC7 /* WZHorizontalBarChartViewController.xib */ = {isa = PBXFileReference; fileEncoding = 4; lastKnownFileType = file.xib; path = WZHorizontalBarChartViewController.xib; sourceTree = "<group>"; };
		4C15DF931E5EB03C00CD3AC7 /* WZCombinedChartViewController.h */ = {isa = PBXFileReference; fileEncoding = 4; lastKnownFileType = sourcecode.c.h; path = WZCombinedChartViewController.h; sourceTree = "<group>"; };
		4C15DF941E5EB03C00CD3AC7 /* WZCombinedChartViewController.m */ = {isa = PBXFileReference; fileEncoding = 4; lastKnownFileType = sourcecode.c.objc; path = WZCombinedChartViewController.m; sourceTree = "<group>"; };
		4C15DF951E5EB03C00CD3AC7 /* WZCombinedChartViewController.xib */ = {isa = PBXFileReference; fileEncoding = 4; lastKnownFileType = file.xib; path = WZCombinedChartViewController.xib; sourceTree = "<group>"; };
		4C15DF981E5EBD0400CD3AC7 /* WZPieChartViewController.h */ = {isa = PBXFileReference; fileEncoding = 4; lastKnownFileType = sourcecode.c.h; path = WZPieChartViewController.h; sourceTree = "<group>"; };
		4C15DF991E5EBD0400CD3AC7 /* WZPieChartViewController.m */ = {isa = PBXFileReference; fileEncoding = 4; lastKnownFileType = sourcecode.c.objc; path = WZPieChartViewController.m; sourceTree = "<group>"; };
		4C15DF9A1E5EBD0400CD3AC7 /* WZPieChartViewController.xib */ = {isa = PBXFileReference; fileEncoding = 4; lastKnownFileType = file.xib; path = WZPieChartViewController.xib; sourceTree = "<group>"; };
		4C15DF9D1E5EC66500CD3AC7 /* WZPiePolylineChartViewController.h */ = {isa = PBXFileReference; fileEncoding = 4; lastKnownFileType = sourcecode.c.h; path = WZPiePolylineChartViewController.h; sourceTree = "<group>"; };
		4C15DF9E1E5EC66500CD3AC7 /* WZPiePolylineChartViewController.m */ = {isa = PBXFileReference; fileEncoding = 4; lastKnownFileType = sourcecode.c.objc; path = WZPiePolylineChartViewController.m; sourceTree = "<group>"; };
		4C15DF9F1E5EC66500CD3AC7 /* WZPiePolylineChartViewController.xib */ = {isa = PBXFileReference; fileEncoding = 4; lastKnownFileType = file.xib; path = WZPiePolylineChartViewController.xib; sourceTree = "<group>"; };
		4C15DFA21E5ED07300CD3AC7 /* WZScatterChartViewController.h */ = {isa = PBXFileReference; fileEncoding = 4; lastKnownFileType = sourcecode.c.h; path = WZScatterChartViewController.h; sourceTree = "<group>"; };
		4C15DFA31E5ED07300CD3AC7 /* WZScatterChartViewController.m */ = {isa = PBXFileReference; fileEncoding = 4; lastKnownFileType = sourcecode.c.objc; path = WZScatterChartViewController.m; sourceTree = "<group>"; };
		4C15DFA41E5ED07300CD3AC7 /* WZScatterChartViewController.xib */ = {isa = PBXFileReference; fileEncoding = 4; lastKnownFileType = file.xib; path = WZScatterChartViewController.xib; sourceTree = "<group>"; };
		4C87475E1E63F81F0043A747 /* WZBubbleChartViewController.h */ = {isa = PBXFileReference; fileEncoding = 4; lastKnownFileType = sourcecode.c.h; path = WZBubbleChartViewController.h; sourceTree = "<group>"; };
		4C87475F1E63F81F0043A747 /* WZBubbleChartViewController.m */ = {isa = PBXFileReference; fileEncoding = 4; lastKnownFileType = sourcecode.c.objc; path = WZBubbleChartViewController.m; sourceTree = "<group>"; };
		4C8747601E63F81F0043A747 /* WZBubbleChartViewController.xib */ = {isa = PBXFileReference; fileEncoding = 4; lastKnownFileType = file.xib; path = WZBubbleChartViewController.xib; sourceTree = "<group>"; };
		4C8747651E63FE260043A747 /* WZStackedBarChartViewController.h */ = {isa = PBXFileReference; fileEncoding = 4; lastKnownFileType = sourcecode.c.h; path = WZStackedBarChartViewController.h; sourceTree = "<group>"; };
		4C8747661E63FE260043A747 /* WZStackedBarChartViewController.m */ = {isa = PBXFileReference; fileEncoding = 4; lastKnownFileType = sourcecode.c.objc; path = WZStackedBarChartViewController.m; sourceTree = "<group>"; };
		4C8747671E63FE260043A747 /* WZStackedBarChartViewController.xib */ = {isa = PBXFileReference; fileEncoding = 4; lastKnownFileType = file.xib; path = WZStackedBarChartViewController.xib; sourceTree = "<group>"; };
		4C87476A1E6406950043A747 /* WZNegativeStackedBarChartViewController.h */ = {isa = PBXFileReference; fileEncoding = 4; lastKnownFileType = sourcecode.c.h; path = WZNegativeStackedBarChartViewController.h; sourceTree = "<group>"; };
		4C87476B1E6406950043A747 /* WZNegativeStackedBarChartViewController.m */ = {isa = PBXFileReference; fileEncoding = 4; lastKnownFileType = sourcecode.c.objc; path = WZNegativeStackedBarChartViewController.m; sourceTree = "<group>"; };
		4C87476C1E6406950043A747 /* WZNegativeStackedBarChartViewController.xib */ = {isa = PBXFileReference; fileEncoding = 4; lastKnownFileType = file.xib; path = WZNegativeStackedBarChartViewController.xib; sourceTree = "<group>"; };
		4C87476F1E640DA30043A747 /* WZAnotherBarChartViewController.h */ = {isa = PBXFileReference; fileEncoding = 4; lastKnownFileType = sourcecode.c.h; path = WZAnotherBarChartViewController.h; sourceTree = "<group>"; };
		4C8747701E640DA30043A747 /* WZAnotherBarChartViewController.m */ = {isa = PBXFileReference; fileEncoding = 4; lastKnownFileType = sourcecode.c.objc; path = WZAnotherBarChartViewController.m; sourceTree = "<group>"; };
		4C8747711E640DA30043A747 /* WZAnotherBarChartViewController.xib */ = {isa = PBXFileReference; fileEncoding = 4; lastKnownFileType = file.xib; path = WZAnotherBarChartViewController.xib; sourceTree = "<group>"; };
		4C8747741E6419870043A747 /* WZMultipleLinesChartViewController.h */ = {isa = PBXFileReference; fileEncoding = 4; lastKnownFileType = sourcecode.c.h; path = WZMultipleLinesChartViewController.h; sourceTree = "<group>"; };
		4C8747751E6419870043A747 /* WZMultipleLinesChartViewController.m */ = {isa = PBXFileReference; fileEncoding = 4; lastKnownFileType = sourcecode.c.objc; path = WZMultipleLinesChartViewController.m; sourceTree = "<group>"; };
		4C8747761E6419870043A747 /* WZMultipleLinesChartViewController.xib */ = {isa = PBXFileReference; fileEncoding = 4; lastKnownFileType = file.xib; path = WZMultipleLinesChartViewController.xib; sourceTree = "<group>"; };
		4C8A3ADA1E5D3A370098B24E /* ImportCharts.app */ = {isa = PBXFileReference; explicitFileType = wrapper.application; includeInIndex = 0; path = ImportCharts.app; sourceTree = BUILT_PRODUCTS_DIR; };
		4C8A3ADE1E5D3A370098B24E /* main.m */ = {isa = PBXFileReference; lastKnownFileType = sourcecode.c.objc; path = main.m; sourceTree = "<group>"; };
		4C8A3AE01E5D3A370098B24E /* AppDelegate.h */ = {isa = PBXFileReference; lastKnownFileType = sourcecode.c.h; path = AppDelegate.h; sourceTree = "<group>"; };
		4C8A3AE11E5D3A370098B24E /* AppDelegate.m */ = {isa = PBXFileReference; lastKnownFileType = sourcecode.c.objc; path = AppDelegate.m; sourceTree = "<group>"; };
		4C8A3AE71E5D3A370098B24E /* Base */ = {isa = PBXFileReference; lastKnownFileType = file.storyboard; name = Base; path = Base.lproj/Main.storyboard; sourceTree = "<group>"; };
		4C8A3AE91E5D3A370098B24E /* Assets.xcassets */ = {isa = PBXFileReference; lastKnownFileType = folder.assetcatalog; path = Assets.xcassets; sourceTree = "<group>"; };
		4C8A3AEC1E5D3A370098B24E /* Base */ = {isa = PBXFileReference; lastKnownFileType = file.storyboard; name = Base; path = Base.lproj/LaunchScreen.storyboard; sourceTree = "<group>"; };
		4C8A3AEE1E5D3A370098B24E /* Info.plist */ = {isa = PBXFileReference; lastKnownFileType = text.plist.xml; path = Info.plist; sourceTree = "<group>"; };
		4C8A3AF51E5D41120098B24E /* Charts.xcodeproj */ = {isa = PBXFileReference; lastKnownFileType = "wrapper.pb-project"; path = Charts.xcodeproj; sourceTree = "<group>"; };
		4CC0F5011E6548CE00018F0C /* WZMultipleBarChartViewController.h */ = {isa = PBXFileReference; fileEncoding = 4; lastKnownFileType = sourcecode.c.h; path = WZMultipleBarChartViewController.h; sourceTree = "<group>"; };
		4CC0F5021E6548CE00018F0C /* WZMultipleBarChartViewController.m */ = {isa = PBXFileReference; fileEncoding = 4; lastKnownFileType = sourcecode.c.objc; path = WZMultipleBarChartViewController.m; sourceTree = "<group>"; };
		4CC0F5031E6548CE00018F0C /* WZMultipleBarChartViewController.xib */ = {isa = PBXFileReference; fileEncoding = 4; lastKnownFileType = file.xib; path = WZMultipleBarChartViewController.xib; sourceTree = "<group>"; };
		4CC0F5081E65554000018F0C /* WZCandleStickChartViewController.h */ = {isa = PBXFileReference; fileEncoding = 4; lastKnownFileType = sourcecode.c.h; path = WZCandleStickChartViewController.h; sourceTree = "<group>"; };
		4CC0F5091E65554000018F0C /* WZCandleStickChartViewController.m */ = {isa = PBXFileReference; fileEncoding = 4; lastKnownFileType = sourcecode.c.objc; path = WZCandleStickChartViewController.m; sourceTree = "<group>"; };
		4CC0F50A1E65554000018F0C /* WZCandleStickChartViewController.xib */ = {isa = PBXFileReference; fileEncoding = 4; lastKnownFileType = file.xib; path = WZCandleStickChartViewController.xib; sourceTree = "<group>"; };
		4CC0F50D1E65608500018F0C /* WZCubicLineChartViewController.h */ = {isa = PBXFileReference; fileEncoding = 4; lastKnownFileType = sourcecode.c.h; path = WZCubicLineChartViewController.h; sourceTree = "<group>"; };
		4CC0F50E1E65608500018F0C /* WZCubicLineChartViewController.m */ = {isa = PBXFileReference; fileEncoding = 4; lastKnownFileType = sourcecode.c.objc; path = WZCubicLineChartViewController.m; sourceTree = "<group>"; };
		4CC0F50F1E65608500018F0C /* WZCubicLineChartViewController.xib */ = {isa = PBXFileReference; fileEncoding = 4; lastKnownFileType = file.xib; path = WZCubicLineChartViewController.xib; sourceTree = "<group>"; };
		4CD814D31E5D5D1200A141CE /* ImportCharts-Bridging-Header.h */ = {isa = PBXFileReference; lastKnownFileType = sourcecode.c.h; path = "ImportCharts-Bridging-Header.h"; sourceTree = "<group>"; };
		4CD814D41E5D5D1200A141CE /* test.swift */ = {isa = PBXFileReference; fileEncoding = 4; lastKnownFileType = sourcecode.swift; path = test.swift; sourceTree = "<group>"; };
		4CD814D71E5D5E1500A141CE /* WZTableViewController.h */ = {isa = PBXFileReference; fileEncoding = 4; lastKnownFileType = sourcecode.c.h; path = WZTableViewController.h; sourceTree = "<group>"; };
		4CD814D81E5D5E1500A141CE /* WZTableViewController.m */ = {isa = PBXFileReference; fileEncoding = 4; lastKnownFileType = sourcecode.c.objc; path = WZTableViewController.m; sourceTree = "<group>"; };
		4CD814DA1E5D5F3D00A141CE /* WZLineChart1ViewController.h */ = {isa = PBXFileReference; fileEncoding = 4; lastKnownFileType = sourcecode.c.h; path = WZLineChart1ViewController.h; sourceTree = "<group>"; };
		4CD814DB1E5D5F3D00A141CE /* WZLineChart1ViewController.m */ = {isa = PBXFileReference; fileEncoding = 4; lastKnownFileType = sourcecode.c.objc; path = WZLineChart1ViewController.m; sourceTree = "<group>"; };
		4CD814DC1E5D5F3D00A141CE /* WZLineChart1ViewController.xib */ = {isa = PBXFileReference; fileEncoding = 4; lastKnownFileType = file.xib; path = WZLineChart1ViewController.xib; sourceTree = "<group>"; };
		4CD814E21E5D7A6700A141CE /* WZLineChart2ViewController.h */ = {isa = PBXFileReference; fileEncoding = 4; lastKnownFileType = sourcecode.c.h; path = WZLineChart2ViewController.h; sourceTree = "<group>"; };
		4CD814E31E5D7A6700A141CE /* WZLineChart2ViewController.m */ = {isa = PBXFileReference; fileEncoding = 4; lastKnownFileType = sourcecode.c.objc; path = WZLineChart2ViewController.m; sourceTree = "<group>"; };
		4CD814E41E5D7A6700A141CE /* WZLineChart2ViewController.xib */ = {isa = PBXFileReference; fileEncoding = 4; lastKnownFileType = file.xib; path = WZLineChart2ViewController.xib; sourceTree = "<group>"; };
/* End PBXFileReference section */

/* Begin PBXFrameworksBuildPhase section */
		4C8A3AD71E5D3A370098B24E /* Frameworks */ = {
			isa = PBXFrameworksBuildPhase;
			buildActionMask = 2147483647;
			files = (
				4CD814CE1E5D5CE400A141CE /* Charts.framework in Frameworks */,
			);
			runOnlyForDeploymentPostprocessing = 0;
		};
/* End PBXFrameworksBuildPhase section */

/* Begin PBXGroup section */
		4C8A3AD11E5D3A370098B24E = {
			isa = PBXGroup;
			children = (
				4C8A3ADC1E5D3A370098B24E /* ImportCharts */,
				4C8A3ADB1E5D3A370098B24E /* Products */,
				4C8A3AF51E5D41120098B24E /* Charts.xcodeproj */,
			);
			sourceTree = "<group>";
		};
		4C8A3ADB1E5D3A370098B24E /* Products */ = {
			isa = PBXGroup;
			children = (
				4C8A3ADA1E5D3A370098B24E /* ImportCharts.app */,
			);
			name = Products;
			sourceTree = "<group>";
		};
		4C8A3ADC1E5D3A370098B24E /* ImportCharts */ = {
			isa = PBXGroup;
			children = (
				4C8A3AE01E5D3A370098B24E /* AppDelegate.h */,
				4C8A3AE11E5D3A370098B24E /* AppDelegate.m */,
				4CD814D61E5D5DEE00A141CE /* Demo */,
				4CD814D41E5D5D1200A141CE /* test.swift */,
				4C8A3AE61E5D3A370098B24E /* Main.storyboard */,
				4C8A3AE91E5D3A370098B24E /* Assets.xcassets */,
				4C8A3AEB1E5D3A370098B24E /* LaunchScreen.storyboard */,
				4C8A3AEE1E5D3A370098B24E /* Info.plist */,
				4C8A3ADD1E5D3A370098B24E /* Supporting Files */,
				4CD814D31E5D5D1200A141CE /* ImportCharts-Bridging-Header.h */,
			);
			path = ImportCharts;
			sourceTree = "<group>";
		};
		4C8A3ADD1E5D3A370098B24E /* Supporting Files */ = {
			isa = PBXGroup;
			children = (
				4C8A3ADE1E5D3A370098B24E /* main.m */,
			);
			name = "Supporting Files";
			sourceTree = "<group>";
		};
		4C8A3AF61E5D41120098B24E /* Products */ = {
			isa = PBXGroup;
			children = (
				4C8A3AFC1E5D41130098B24E /* Charts.framework */,
				4C8A3AFE1E5D41130098B24E /* ChartsRealm.framework */,
				4C8A3B001E5D41130098B24E /* ChartsTests.xctest */,
			);
			name = Products;
			sourceTree = "<group>";
		};
		4CD814D61E5D5DEE00A141CE /* Demo */ = {
			isa = PBXGroup;
			children = (
				4CD814D71E5D5E1500A141CE /* WZTableViewController.h */,
				4CD814D81E5D5E1500A141CE /* WZTableViewController.m */,
				4CD814DA1E5D5F3D00A141CE /* WZLineChart1ViewController.h */,
				4CD814DB1E5D5F3D00A141CE /* WZLineChart1ViewController.m */,
				4CD814DC1E5D5F3D00A141CE /* WZLineChart1ViewController.xib */,
				4CD814E21E5D7A6700A141CE /* WZLineChart2ViewController.h */,
				4CD814E31E5D7A6700A141CE /* WZLineChart2ViewController.m */,
				4CD814E41E5D7A6700A141CE /* WZLineChart2ViewController.xib */,
				4C15DF841E5E6F9100CD3AC7 /* WZBarChartViewController.h */,
				4C15DF851E5E6F9100CD3AC7 /* WZBarChartViewController.m */,
				4C15DF861E5E6F9100CD3AC7 /* WZBarChartViewController.xib */,
				4C15DF8E1E5E8BC700CD3AC7 /* WZHorizontalBarChartViewController.h */,
				4C15DF8F1E5E8BC700CD3AC7 /* WZHorizontalBarChartViewController.m */,
				4C15DF901E5E8BC700CD3AC7 /* WZHorizontalBarChartViewController.xib */,
				4C15DF931E5EB03C00CD3AC7 /* WZCombinedChartViewController.h */,
				4C15DF941E5EB03C00CD3AC7 /* WZCombinedChartViewController.m */,
				4C15DF951E5EB03C00CD3AC7 /* WZCombinedChartViewController.xib */,
				4C15DF981E5EBD0400CD3AC7 /* WZPieChartViewController.h */,
				4C15DF991E5EBD0400CD3AC7 /* WZPieChartViewController.m */,
				4C15DF9A1E5EBD0400CD3AC7 /* WZPieChartViewController.xib */,
				4C15DF9D1E5EC66500CD3AC7 /* WZPiePolylineChartViewController.h */,
				4C15DF9E1E5EC66500CD3AC7 /* WZPiePolylineChartViewController.m */,
				4C15DF9F1E5EC66500CD3AC7 /* WZPiePolylineChartViewController.xib */,
				4C15DFA21E5ED07300CD3AC7 /* WZScatterChartViewController.h */,
				4C15DFA31E5ED07300CD3AC7 /* WZScatterChartViewController.m */,
				4C15DFA41E5ED07300CD3AC7 /* WZScatterChartViewController.xib */,
				4C87475E1E63F81F0043A747 /* WZBubbleChartViewController.h */,
				4C87475F1E63F81F0043A747 /* WZBubbleChartViewController.m */,
				4C8747601E63F81F0043A747 /* WZBubbleChartViewController.xib */,
				4C8747651E63FE260043A747 /* WZStackedBarChartViewController.h */,
				4C8747661E63FE260043A747 /* WZStackedBarChartViewController.m */,
				4C8747671E63FE260043A747 /* WZStackedBarChartViewController.xib */,
				4C87476A1E6406950043A747 /* WZNegativeStackedBarChartViewController.h */,
				4C87476B1E6406950043A747 /* WZNegativeStackedBarChartViewController.m */,
				4C87476C1E6406950043A747 /* WZNegativeStackedBarChartViewController.xib */,
				4C87476F1E640DA30043A747 /* WZAnotherBarChartViewController.h */,
				4C8747701E640DA30043A747 /* WZAnotherBarChartViewController.m */,
				4C8747711E640DA30043A747 /* WZAnotherBarChartViewController.xib */,
				4C8747741E6419870043A747 /* WZMultipleLinesChartViewController.h */,
				4C8747751E6419870043A747 /* WZMultipleLinesChartViewController.m */,
				4C8747761E6419870043A747 /* WZMultipleLinesChartViewController.xib */,
				4CC0F5011E6548CE00018F0C /* WZMultipleBarChartViewController.h */,
				4CC0F5021E6548CE00018F0C /* WZMultipleBarChartViewController.m */,
				4CC0F5031E6548CE00018F0C /* WZMultipleBarChartViewController.xib */,
				4CC0F5081E65554000018F0C /* WZCandleStickChartViewController.h */,
				4CC0F5091E65554000018F0C /* WZCandleStickChartViewController.m */,
				4CC0F50A1E65554000018F0C /* WZCandleStickChartViewController.xib */,
				4CC0F50D1E65608500018F0C /* WZCubicLineChartViewController.h */,
				4CC0F50E1E65608500018F0C /* WZCubicLineChartViewController.m */,
				4CC0F50F1E65608500018F0C /* WZCubicLineChartViewController.xib */,
				4C15DF8B1E5E755200CD3AC7 /* WZDayAxisValueFormatter.h */,
				4C15DF8C1E5E755200CD3AC7 /* WZDayAxisValueFormatter.m */,
			);
			path = Demo;
			sourceTree = "<group>";
		};
/* End PBXGroup section */

/* Begin PBXNativeTarget section */
		4C8A3AD91E5D3A370098B24E /* ImportCharts */ = {
			isa = PBXNativeTarget;
			buildConfigurationList = 4C8A3AF11E5D3A370098B24E /* Build configuration list for PBXNativeTarget "ImportCharts" */;
			buildPhases = (
				4C8A3AD61E5D3A370098B24E /* Sources */,
				4C8A3AD71E5D3A370098B24E /* Frameworks */,
				4C8A3AD81E5D3A370098B24E /* Resources */,
				4CD814D21E5D5CE400A141CE /* Embed Frameworks */,
			);
			buildRules = (
			);
			dependencies = (
				4CD814D11E5D5CE400A141CE /* PBXTargetDependency */,
			);
			name = ImportCharts;
			productName = ImportCharts;
			productReference = 4C8A3ADA1E5D3A370098B24E /* ImportCharts.app */;
			productType = "com.apple.product-type.application";
		};
/* End PBXNativeTarget section */

/* Begin PBXProject section */
		4C8A3AD21E5D3A370098B24E /* Project object */ = {
			isa = PBXProject;
			attributes = {
				CLASSPREFIX = WZ;
				LastUpgradeCheck = 0820;
				ORGANIZATIONNAME = songbiwen;
				TargetAttributes = {
					4C8A3AD91E5D3A370098B24E = {
						CreatedOnToolsVersion = 8.2.1;
						DevelopmentTeam = 8XMYBN9U4K;
						LastSwiftMigration = 0820;
						ProvisioningStyle = Automatic;
					};
				};
			};
			buildConfigurationList = 4C8A3AD51E5D3A370098B24E /* Build configuration list for PBXProject "ImportCharts" */;
			compatibilityVersion = "Xcode 3.2";
			developmentRegion = English;
			hasScannedForEncodings = 0;
			knownRegions = (
				en,
				Base,
			);
			mainGroup = 4C8A3AD11E5D3A370098B24E;
			productRefGroup = 4C8A3ADB1E5D3A370098B24E /* Products */;
			projectDirPath = "";
			projectReferences = (
				{
					ProductGroup = 4C8A3AF61E5D41120098B24E /* Products */;
					ProjectRef = 4C8A3AF51E5D41120098B24E /* Charts.xcodeproj */;
				},
			);
			projectRoot = "";
			targets = (
				4C8A3AD91E5D3A370098B24E /* ImportCharts */,
			);
		};
/* End PBXProject section */

/* Begin PBXReferenceProxy section */
		4C8A3AFC1E5D41130098B24E /* Charts.framework */ = {
			isa = PBXReferenceProxy;
			fileType = wrapper.framework;
			path = Charts.framework;
			remoteRef = 4C8A3AFB1E5D41130098B24E /* PBXContainerItemProxy */;
			sourceTree = BUILT_PRODUCTS_DIR;
		};
		4C8A3AFE1E5D41130098B24E /* ChartsRealm.framework */ = {
			isa = PBXReferenceProxy;
			fileType = wrapper.framework;
			path = ChartsRealm.framework;
			remoteRef = 4C8A3AFD1E5D41130098B24E /* PBXContainerItemProxy */;
			sourceTree = BUILT_PRODUCTS_DIR;
		};
		4C8A3B001E5D41130098B24E /* ChartsTests.xctest */ = {
			isa = PBXReferenceProxy;
			fileType = wrapper.cfbundle;
			path = ChartsTests.xctest;
			remoteRef = 4C8A3AFF1E5D41130098B24E /* PBXContainerItemProxy */;
			sourceTree = BUILT_PRODUCTS_DIR;
		};
/* End PBXReferenceProxy section */

/* Begin PBXResourcesBuildPhase section */
		4C8A3AD81E5D3A370098B24E /* Resources */ = {
			isa = PBXResourcesBuildPhase;
			buildActionMask = 2147483647;
			files = (
				4CC0F5111E65608500018F0C /* WZCubicLineChartViewController.xib in Resources */,
				4CC0F5051E6548CE00018F0C /* WZMultipleBarChartViewController.xib in Resources */,
				4C8747781E6419870043A747 /* WZMultipleLinesChartViewController.xib in Resources */,
				4C8747691E63FE260043A747 /* WZStackedBarChartViewController.xib in Resources */,
				4C15DF881E5E6F9100CD3AC7 /* WZBarChartViewController.xib in Resources */,
				4C15DFA61E5ED07300CD3AC7 /* WZScatterChartViewController.xib in Resources */,
				4C8747731E640DA30043A747 /* WZAnotherBarChartViewController.xib in Resources */,
				4CD814E61E5D7A6700A141CE /* WZLineChart2ViewController.xib in Resources */,
				4C8A3AED1E5D3A370098B24E /* LaunchScreen.storyboard in Resources */,
				4C15DFA11E5EC66600CD3AC7 /* WZPiePolylineChartViewController.xib in Resources */,
				4C15DF9C1E5EBD0400CD3AC7 /* WZPieChartViewController.xib in Resources */,
				4C8A3AEA1E5D3A370098B24E /* Assets.xcassets in Resources */,
				4CD814DE1E5D5F3D00A141CE /* WZLineChart1ViewController.xib in Resources */,
				4CC0F50C1E65554000018F0C /* WZCandleStickChartViewController.xib in Resources */,
				4C15DF921E5E8BC700CD3AC7 /* WZHorizontalBarChartViewController.xib in Resources */,
				4C8A3AE81E5D3A370098B24E /* Main.storyboard in Resources */,
				4C8747621E63F81F0043A747 /* WZBubbleChartViewController.xib in Resources */,
				4C15DF971E5EB03C00CD3AC7 /* WZCombinedChartViewController.xib in Resources */,
				4C87476E1E6406950043A747 /* WZNegativeStackedBarChartViewController.xib in Resources */,
			);
			runOnlyForDeploymentPostprocessing = 0;
		};
/* End PBXResourcesBuildPhase section */

/* Begin PBXSourcesBuildPhase section */
		4C8A3AD61E5D3A370098B24E /* Sources */ = {
			isa = PBXSourcesBuildPhase;
			buildActionMask = 2147483647;
			files = (
				4C8747771E6419870043A747 /* WZMultipleLinesChartViewController.m in Sources */,
				4CC0F5101E65608500018F0C /* WZCubicLineChartViewController.m in Sources */,
				4CD814D51E5D5D1200A141CE /* test.swift in Sources */,
				4C8747681E63FE260043A747 /* WZStackedBarChartViewController.m in Sources */,
				4C15DFA01E5EC66500CD3AC7 /* WZPiePolylineChartViewController.m in Sources */,
				4C15DF911E5E8BC700CD3AC7 /* WZHorizontalBarChartViewController.m in Sources */,
				4C15DF8D1E5E755200CD3AC7 /* WZDayAxisValueFormatter.m in Sources */,
				4C15DF961E5EB03C00CD3AC7 /* WZCombinedChartViewController.m in Sources */,
				4CD814E51E5D7A6700A141CE /* WZLineChart2ViewController.m in Sources */,
				4C8A3AE21E5D3A370098B24E /* AppDelegate.m in Sources */,
				4C15DF9B1E5EBD0400CD3AC7 /* WZPieChartViewController.m in Sources */,
				4C8747721E640DA30043A747 /* WZAnotherBarChartViewController.m in Sources */,
				4CD814D91E5D5E1500A141CE /* WZTableViewController.m in Sources */,
				4C15DF871E5E6F9100CD3AC7 /* WZBarChartViewController.m in Sources */,
				4C8747611E63F81F0043A747 /* WZBubbleChartViewController.m in Sources */,
				4C15DFA51E5ED07300CD3AC7 /* WZScatterChartViewController.m in Sources */,
				4C87476D1E6406950043A747 /* WZNegativeStackedBarChartViewController.m in Sources */,
				4CC0F50B1E65554000018F0C /* WZCandleStickChartViewController.m in Sources */,
				4C8A3ADF1E5D3A370098B24E /* main.m in Sources */,
				4CC0F5041E6548CE00018F0C /* WZMultipleBarChartViewController.m in Sources */,
				4CD814DD1E5D5F3D00A141CE /* WZLineChart1ViewController.m in Sources */,
			);
			runOnlyForDeploymentPostprocessing = 0;
		};
/* End PBXSourcesBuildPhase section */

/* Begin PBXTargetDependency section */
		4CD814D11E5D5CE400A141CE /* PBXTargetDependency */ = {
			isa = PBXTargetDependency;
			name = Charts;
			targetProxy = 4CD814D01E5D5CE400A141CE /* PBXContainerItemProxy */;
		};
/* End PBXTargetDependency section */

/* Begin PBXVariantGroup section */
		4C8A3AE61E5D3A370098B24E /* Main.storyboard */ = {
			isa = PBXVariantGroup;
			children = (
				4C8A3AE71E5D3A370098B24E /* Base */,
			);
			name = Main.storyboard;
			sourceTree = "<group>";
		};
		4C8A3AEB1E5D3A370098B24E /* LaunchScreen.storyboard */ = {
			isa = PBXVariantGroup;
			children = (
				4C8A3AEC1E5D3A370098B24E /* Base */,
			);
			name = LaunchScreen.storyboard;
			sourceTree = "<group>";
		};
/* End PBXVariantGroup section */

/* Begin XCBuildConfiguration section */
		4C8A3AEF1E5D3A370098B24E /* Debug */ = {
			isa = XCBuildConfiguration;
			buildSettings = {
				ALWAYS_SEARCH_USER_PATHS = NO;
				CLANG_ANALYZER_NONNULL = YES;
				CLANG_CXX_LANGUAGE_STANDARD = "gnu++0x";
				CLANG_CXX_LIBRARY = "libc++";
				CLANG_ENABLE_MODULES = YES;
				CLANG_ENABLE_OBJC_ARC = YES;
				CLANG_WARN_BOOL_CONVERSION = YES;
				CLANG_WARN_CONSTANT_CONVERSION = YES;
				CLANG_WARN_DIRECT_OBJC_ISA_USAGE = YES_ERROR;
				CLANG_WARN_DOCUMENTATION_COMMENTS = YES;
				CLANG_WARN_EMPTY_BODY = YES;
				CLANG_WARN_ENUM_CONVERSION = YES;
				CLANG_WARN_INFINITE_RECURSION = YES;
				CLANG_WARN_INT_CONVERSION = YES;
				CLANG_WARN_OBJC_ROOT_CLASS = YES_ERROR;
				CLANG_WARN_SUSPICIOUS_MOVE = YES;
				CLANG_WARN_UNREACHABLE_CODE = YES;
				CLANG_WARN__DUPLICATE_METHOD_MATCH = YES;
				"CODE_SIGN_IDENTITY[sdk=iphoneos*]" = "iPhone Developer";
				COPY_PHASE_STRIP = NO;
				DEBUG_INFORMATION_FORMAT = dwarf;
				ENABLE_STRICT_OBJC_MSGSEND = YES;
				ENABLE_TESTABILITY = YES;
				GCC_C_LANGUAGE_STANDARD = gnu99;
				GCC_DYNAMIC_NO_PIC = NO;
				GCC_NO_COMMON_BLOCKS = YES;
				GCC_OPTIMIZATION_LEVEL = 0;
				GCC_PREPROCESSOR_DEFINITIONS = (
					"DEBUG=1",
					"$(inherited)",
				);
				GCC_WARN_64_TO_32_BIT_CONVERSION = YES;
				GCC_WARN_ABOUT_RETURN_TYPE = YES_ERROR;
				GCC_WARN_UNDECLARED_SELECTOR = YES;
				GCC_WARN_UNINITIALIZED_AUTOS = YES_AGGRESSIVE;
				GCC_WARN_UNUSED_FUNCTION = YES;
				GCC_WARN_UNUSED_VARIABLE = YES;
				IPHONEOS_DEPLOYMENT_TARGET = 8.0;
				MTL_ENABLE_DEBUG_INFO = YES;
				ONLY_ACTIVE_ARCH = YES;
				SDKROOT = iphoneos;
			};
			name = Debug;
		};
		4C8A3AF01E5D3A370098B24E /* Release */ = {
			isa = XCBuildConfiguration;
			buildSettings = {
				ALWAYS_SEARCH_USER_PATHS = NO;
				CLANG_ANALYZER_NONNULL = YES;
				CLANG_CXX_LANGUAGE_STANDARD = "gnu++0x";
				CLANG_CXX_LIBRARY = "libc++";
				CLANG_ENABLE_MODULES = YES;
				CLANG_ENABLE_OBJC_ARC = YES;
				CLANG_WARN_BOOL_CONVERSION = YES;
				CLANG_WARN_CONSTANT_CONVERSION = YES;
				CLANG_WARN_DIRECT_OBJC_ISA_USAGE = YES_ERROR;
				CLANG_WARN_DOCUMENTATION_COMMENTS = YES;
				CLANG_WARN_EMPTY_BODY = YES;
				CLANG_WARN_ENUM_CONVERSION = YES;
				CLANG_WARN_INFINITE_RECURSION = YES;
				CLANG_WARN_INT_CONVERSION = YES;
				CLANG_WARN_OBJC_ROOT_CLASS = YES_ERROR;
				CLANG_WARN_SUSPICIOUS_MOVE = YES;
				CLANG_WARN_UNREACHABLE_CODE = YES;
				CLANG_WARN__DUPLICATE_METHOD_MATCH = YES;
				"CODE_SIGN_IDENTITY[sdk=iphoneos*]" = "iPhone Developer";
				COPY_PHASE_STRIP = NO;
				DEBUG_INFORMATION_FORMAT = "dwarf-with-dsym";
				ENABLE_NS_ASSERTIONS = NO;
				ENABLE_STRICT_OBJC_MSGSEND = YES;
				GCC_C_LANGUAGE_STANDARD = gnu99;
				GCC_NO_COMMON_BLOCKS = YES;
				GCC_WARN_64_TO_32_BIT_CONVERSION = YES;
				GCC_WARN_ABOUT_RETURN_TYPE = YES_ERROR;
				GCC_WARN_UNDECLARED_SELECTOR = YES;
				GCC_WARN_UNINITIALIZED_AUTOS = YES_AGGRESSIVE;
				GCC_WARN_UNUSED_FUNCTION = YES;
				GCC_WARN_UNUSED_VARIABLE = YES;
				IPHONEOS_DEPLOYMENT_TARGET = 8.0;
				MTL_ENABLE_DEBUG_INFO = NO;
				SDKROOT = iphoneos;
				VALIDATE_PRODUCT = YES;
			};
			name = Release;
		};
		4C8A3AF21E5D3A370098B24E /* Debug */ = {
			isa = XCBuildConfiguration;
			buildSettings = {
				ALWAYS_EMBED_SWIFT_STANDARD_LIBRARIES = YES;
				ASSETCATALOG_COMPILER_APPICON_NAME = AppIcon;
				CLANG_ENABLE_MODULES = YES;
				DEVELOPMENT_TEAM = 8XMYBN9U4K;
				INFOPLIST_FILE = ImportCharts/Info.plist;
				IPHONEOS_DEPLOYMENT_TARGET = 8.0;
				LD_RUNPATH_SEARCH_PATHS = "$(inherited) @executable_path/Frameworks";
				PRODUCT_BUNDLE_IDENTIFIER = com.renhedao.ImportCharts;
				PRODUCT_NAME = "$(TARGET_NAME)";
				SWIFT_OBJC_BRIDGING_HEADER = "ImportCharts/ImportCharts-Bridging-Header.h";
				SWIFT_OPTIMIZATION_LEVEL = "-Onone";
				SWIFT_VERSION = 3.0;
			};
			name = Debug;
		};
		4C8A3AF31E5D3A370098B24E /* Release */ = {
			isa = XCBuildConfiguration;
			buildSettings = {
				ALWAYS_EMBED_SWIFT_STANDARD_LIBRARIES = YES;
				ASSETCATALOG_COMPILER_APPICON_NAME = AppIcon;
				CLANG_ENABLE_MODULES = YES;
				DEVELOPMENT_TEAM = 8XMYBN9U4K;
				INFOPLIST_FILE = ImportCharts/Info.plist;
				IPHONEOS_DEPLOYMENT_TARGET = 8.0;
				LD_RUNPATH_SEARCH_PATHS = "$(inherited) @executable_path/Frameworks";
				PRODUCT_BUNDLE_IDENTIFIER = com.renhedao.ImportCharts;
				PRODUCT_NAME = "$(TARGET_NAME)";
				SWIFT_OBJC_BRIDGING_HEADER = "ImportCharts/ImportCharts-Bridging-Header.h";
				SWIFT_VERSION = 3.0;
			};
			name = Release;
		};
/* End XCBuildConfiguration section */

/* Begin XCConfigurationList section */
		4C8A3AD51E5D3A370098B24E /* Build configuration list for PBXProject "ImportCharts" */ = {
			isa = XCConfigurationList;
			buildConfigurations = (
				4C8A3AEF1E5D3A370098B24E /* Debug */,
				4C8A3AF01E5D3A370098B24E /* Release */,
			);
			defaultConfigurationIsVisible = 0;
			defaultConfigurationName = Release;
		};
		4C8A3AF11E5D3A370098B24E /* Build configuration list for PBXNativeTarget "ImportCharts" */ = {
			isa = XCConfigurationList;
			buildConfigurations = (
				4C8A3AF21E5D3A370098B24E /* Debug */,
				4C8A3AF31E5D3A370098B24E /* Release */,
			);
			defaultConfigurationIsVisible = 0;
			defaultConfigurationName = Release;
		};
/* End XCConfigurationList section */
	};
	rootObject = 4C8A3AD21E5D3A370098B24E /* Project object */;
}
